<Solution>
  <Folder Name="/src/">
    <Project Path="src/LogiFlow.Api/LogiFlow.Api.csproj" />
    <Project Path="src/LogiFlow.Application/LogiFlow.Application.csproj" />
    <Project Path="src/LogiFlow.Domain/LogiFlow.Domain.csproj" />
    <Project Path="src/LogiFlow.Infrastructure/LogiFlow.Infrastructure.csproj" />
    <Project Path="src/LogiFlow.Web/LogiFlow.Web.csproj" />
  </Folder>
  <Folder Name="/tests/">
    <Project Path="tests/LogiFlow.IntegrationTests/LogiFlow.IntegrationTests.csproj" />
    <Project Path="tests/LogiFlow.UnitTests/LogiFlow.UnitTests.csproj" />
  </Folder>
</Solution>
